
Microsoft Visual Studio Solution File, Format Version 12.00
# Visual Studio Version 17
VisualStudioVersion = 17.4.33122.133
MinimumVisualStudioVersion = 10.0.40219.1
Project("{FAE04EC0-301F-11D3-BF4B-00C04F79EFBC}") = "aula 8 dezembro", "aula 8 dezembro.csproj", "{768DD8DC-F7EF-4D54-B86A-57C97EC62B55}"
EndProject
Global
	GlobalSection(SolutionConfigurationPlatforms) = preSolution
		Debug|Any CPU = Debug|Any CPU
		Release|Any CPU = Release|Any CPU
	EndGlobalSection
	GlobalSection(ProjectConfigurationPlatforms) = postSolution
		{768DD8DC-F7EF-4D54-B86A-57C97EC62B55}.Debug|Any CPU.ActiveCfg = Debug|Any CPU
		{768DD8DC-F7EF-4D54-B86A-57C97EC62B55}.Debug|Any CPU.Build.0 = Debug|Any CPU
		{768DD8DC-F7EF-4D54-B86A-57C97EC62B55}.Release|Any CPU.ActiveCfg = Release|Any CPU
		{768DD8DC-F7EF-4D54-B86A-57C97EC62B55}.Release|Any CPU.Build.0 = Release|Any CPU
	EndGlobalSection
	GlobalSection(SolutionProperties) = preSolution
		HideSolutionNode = FALSE
	EndGlobalSection
	GlobalSection(ExtensibilityGlobals) = postSolution
		SolutionGuid = {EAE23BDF-64F8-421C-AABA-BE2E846091F7}
	EndGlobalSection
EndGlobal
